
Microsoft Visual Studio Solution File, Format Version 12.00
# Visual Studio 15
VisualStudioVersion = 15.0.28307.960
MinimumVisualStudioVersion = 10.0.40219.1
Project("{FAE04EC0-301F-11D3-BF4B-00C04F79EFBC}") = "Mens Fashion", "Mens Fashion\Mens Fashion.csproj", "{834B820E-A3A8-4504-AC9A-ECA5B3E8BD37}"
EndProject
Global
	GlobalSection(SolutionConfigurationPlatforms) = preSolution
		Debug|Any CPU = Debug|Any CPU
		Release|Any CPU = Release|Any CPU
	EndGlobalSection
	GlobalSection(ProjectConfigurationPlatforms) = postSolution
		{834B820E-A3A8-4504-AC9A-ECA5B3E8BD37}.Debug|Any CPU.ActiveCfg = Debug|Any CPU
		{834B820E-A3A8-4504-AC9A-ECA5B3E8BD37}.Debug|Any CPU.Build.0 = Debug|Any CPU
		{834B820E-A3A8-4504-AC9A-ECA5B3E8BD37}.Release|Any CPU.ActiveCfg = Release|Any CPU
		{834B820E-A3A8-4504-AC9A-ECA5B3E8BD37}.Release|Any CPU.Build.0 = Release|Any CPU
	EndGlobalSection
	GlobalSection(SolutionProperties) = preSolution
		HideSolutionNode = FALSE
	EndGlobalSection
	GlobalSection(ExtensibilityGlobals) = postSolution
		SolutionGuid = {A27908F3-D01A-4496-A3E0-09096425199A}
	EndGlobalSection
EndGlobal
